Microsoft Visual Studio Solution File, Format Version 12.00
# Visual Studio 2012
Project("{FAE04EC0-301F-11D3-BF4B-00C04F79EFBC}") = "WaylandDriver", "WaylandDriver\WaylandDriver.csproj", "{3D52F23C-0CE6-493E-8E7D-F0F7475C3C1A}"
EndProject
Global
	GlobalSection(SolutionConfigurationPlatforms) = preSolution
		Debug|Any CPU = Debug|Any CPU
		Release|Any CPU = Release|Any CPU
	EndGlobalSection
	GlobalSection(ProjectConfigurationPlatforms) = postSolution
		{3D52F23C-0CE6-493E-8E7D-F0F7475C3C1A}.Debug|Any CPU.ActiveCfg = Debug|Any CPU
		{3D52F23C-0CE6-493E-8E7D-F0F7475C3C1A}.Debug|Any CPU.Build.0 = Debug|Any CPU
		{3D52F23C-0CE6-493E-8E7D-F0F7475C3C1A}.Release|Any CPU.ActiveCfg = Release|Any CPU
		{3D52F23C-0CE6-493E-8E7D-F0F7475C3C1A}.Release|Any CPU.Build.0 = Release|Any CPU
	EndGlobalSection
EndGlobal

